dependencies:
- name: redis
  repository: oci://registry-1.docker.io/bitnamicharts
  version: 24.1.0
- name: mongodb
  repository: oci://registry-1.docker.io/bitnamicharts
  version: 18.1.20
- name: elasticsearch
  repository: https://helm.elastic.co
  version: 7.17.3
digest: sha256:30432d2ee4590bdd18dfca6e9cb56acee7ed4b05375aa024cb0018e99f4f3546
generated: "2026-01-16T12:35:22.56940231+03:00"
